
Microsoft Visual Studio Solution File, Format Version 12.00
# Visual Studio Version 17
VisualStudioVersion = 17.0.32014.148
MinimumVisualStudioVersion = 10.0.40219.1
Project("{FAE04EC0-301F-11D3-BF4B-00C04F79EFBC}") = "SingleInstance", "SingleInstance\SingleInstance.csproj", "{3449B29E-395D-4B91-B737-6C8C13CA1417}"
EndProject
Global
	GlobalSection(SolutionConfigurationPlatforms) = preSolution
		Debug|Any CPU = Debug|Any CPU
		Release|Any CPU = Release|Any CPU
	EndGlobalSection
	GlobalSection(ProjectConfigurationPlatforms) = postSolution
		{3449B29E-395D-4B91-B737-6C8C13CA1417}.Debug|Any CPU.ActiveCfg = Debug|Any CPU
		{3449B29E-395D-4B91-B737-6C8C13CA1417}.Debug|Any CPU.Build.0 = Debug|Any CPU
		{3449B29E-395D-4B91-B737-6C8C13CA1417}.Release|Any CPU.ActiveCfg = Release|Any CPU
		{3449B29E-395D-4B91-B737-6C8C13CA1417}.Release|Any CPU.Build.0 = Release|Any CPU
	EndGlobalSection
	GlobalSection(SolutionProperties) = preSolution
		HideSolutionNode = FALSE
	EndGlobalSection
	GlobalSection(ExtensibilityGlobals) = postSolution
		SolutionGuid = {151D15A7-043E-4699-B57D-F36EA0BA7431}
	EndGlobalSection
EndGlobal
